
Microsoft Visual Studio Solution File, Format Version 12.00
# Visual Studio 14
VisualStudioVersion = 14.0.25420.1
MinimumVisualStudioVersion = 10.0.40219.1
Project("{FAE04EC0-301F-11D3-BF4B-00C04F79EFBC}") = "IOlab0", "IOlab0\IOlab0.csproj", "{243DCFF5-1566-4CAA-9A0A-8775C02711DA}"
EndProject
Global
	GlobalSection(SolutionConfigurationPlatforms) = preSolution
		Debug|Any CPU = Debug|Any CPU
		Release|Any CPU = Release|Any CPU
	EndGlobalSection
	GlobalSection(ProjectConfigurationPlatforms) = postSolution
		{243DCFF5-1566-4CAA-9A0A-8775C02711DA}.Debug|Any CPU.ActiveCfg = Debug|Any CPU
		{243DCFF5-1566-4CAA-9A0A-8775C02711DA}.Debug|Any CPU.Build.0 = Debug|Any CPU
		{243DCFF5-1566-4CAA-9A0A-8775C02711DA}.Release|Any CPU.ActiveCfg = Release|Any CPU
		{243DCFF5-1566-4CAA-9A0A-8775C02711DA}.Release|Any CPU.Build.0 = Release|Any CPU
	EndGlobalSection
	GlobalSection(SolutionProperties) = preSolution
		HideSolutionNode = FALSE
	EndGlobalSection
EndGlobal
